
Microsoft Visual Studio Solution File, Format Version 12.00
# Visual Studio Version 17
VisualStudioVersion = 17.0.31903.59
MinimumVisualStudioVersion = 10.0.40219.1
Project("{2150E333-8FDC-42A3-9474-1A3956D46DE8}") = "src", "src", "{EAF9023E-FAE6-45DA-AE49-F0E9C1020DB7}"
EndProject
Project("{2150E333-8FDC-42A3-9474-1A3956D46DE8}") = "CleanArchitecture", "CleanArchitecture", "{3F5C9C26-45D0-4B96-8333-D7D9C8954B2A}"
EndProject
Project("{FAE04EC0-301F-11D3-BF4B-00C04F79EFBC}") = "CleanArchitecture.Domain", "src\CleanArchitecture\CleanArchitecture.Domain\CleanArchitecture.Domain.csproj", "{88BC9B9B-76CD-4B33-BC2A-7668EB22FABE}"
EndProject
Project("{FAE04EC0-301F-11D3-BF4B-00C04F79EFBC}") = "CleanArchitecture.Application", "src\CleanArchitecture\CleanArchitecture.Application\CleanArchitecture.Application.csproj", "{90AA9127-8B70-43F6-9075-1B456897CE52}"
EndProject
Project("{FAE04EC0-301F-11D3-BF4B-00C04F79EFBC}") = "CleanArchitecture.Infrastructure", "src\CleanArchitecture\CleanArchitecture.Infrastructure\CleanArchitecture.Infrastructure.csproj", "{1DE6460A-11F2-4FD3-9D09-B9D28C9D7C96}"
EndProject
Project("{FAE04EC0-301F-11D3-BF4B-00C04F79EFBC}") = "CleanArchitecture.Api", "src\CleanArchitecture\CleanArchitecture.Api\CleanArchitecture.Api.csproj", "{C5F0B2ED-303F-4186-AF7F-90AA07E48297}"
EndProject
Global
	GlobalSection(SolutionConfigurationPlatforms) = preSolution
		Debug|Any CPU = Debug|Any CPU
		Release|Any CPU = Release|Any CPU
	EndGlobalSection
	GlobalSection(SolutionProperties) = preSolution
		HideSolutionNode = FALSE
	EndGlobalSection
	GlobalSection(ProjectConfigurationPlatforms) = postSolution
		{88BC9B9B-76CD-4B33-BC2A-7668EB22FABE}.Debug|Any CPU.ActiveCfg = Debug|Any CPU
		{88BC9B9B-76CD-4B33-BC2A-7668EB22FABE}.Debug|Any CPU.Build.0 = Debug|Any CPU
		{88BC9B9B-76CD-4B33-BC2A-7668EB22FABE}.Release|Any CPU.ActiveCfg = Release|Any CPU
		{88BC9B9B-76CD-4B33-BC2A-7668EB22FABE}.Release|Any CPU.Build.0 = Release|Any CPU
		{90AA9127-8B70-43F6-9075-1B456897CE52}.Debug|Any CPU.ActiveCfg = Debug|Any CPU
		{90AA9127-8B70-43F6-9075-1B456897CE52}.Debug|Any CPU.Build.0 = Debug|Any CPU
		{90AA9127-8B70-43F6-9075-1B456897CE52}.Release|Any CPU.ActiveCfg = Release|Any CPU
		{90AA9127-8B70-43F6-9075-1B456897CE52}.Release|Any CPU.Build.0 = Release|Any CPU
		{1DE6460A-11F2-4FD3-9D09-B9D28C9D7C96}.Debug|Any CPU.ActiveCfg = Debug|Any CPU
		{1DE6460A-11F2-4FD3-9D09-B9D28C9D7C96}.Debug|Any CPU.Build.0 = Debug|Any CPU
		{1DE6460A-11F2-4FD3-9D09-B9D28C9D7C96}.Release|Any CPU.ActiveCfg = Release|Any CPU
		{1DE6460A-11F2-4FD3-9D09-B9D28C9D7C96}.Release|Any CPU.Build.0 = Release|Any CPU
		{C5F0B2ED-303F-4186-AF7F-90AA07E48297}.Debug|Any CPU.ActiveCfg = Debug|Any CPU
		{C5F0B2ED-303F-4186-AF7F-90AA07E48297}.Debug|Any CPU.Build.0 = Debug|Any CPU
		{C5F0B2ED-303F-4186-AF7F-90AA07E48297}.Release|Any CPU.ActiveCfg = Release|Any CPU
		{C5F0B2ED-303F-4186-AF7F-90AA07E48297}.Release|Any CPU.Build.0 = Release|Any CPU
	EndGlobalSection
	GlobalSection(NestedProjects) = preSolution
		{3F5C9C26-45D0-4B96-8333-D7D9C8954B2A} = {EAF9023E-FAE6-45DA-AE49-F0E9C1020DB7}
		{88BC9B9B-76CD-4B33-BC2A-7668EB22FABE} = {3F5C9C26-45D0-4B96-8333-D7D9C8954B2A}
		{90AA9127-8B70-43F6-9075-1B456897CE52} = {3F5C9C26-45D0-4B96-8333-D7D9C8954B2A}
		{1DE6460A-11F2-4FD3-9D09-B9D28C9D7C96} = {3F5C9C26-45D0-4B96-8333-D7D9C8954B2A}
		{C5F0B2ED-303F-4186-AF7F-90AA07E48297} = {3F5C9C26-45D0-4B96-8333-D7D9C8954B2A}
	EndGlobalSection
EndGlobal
